
Microsoft Visual Studio Solution File, Format Version 12.00
# Visual Studio Version 17
VisualStudioVersion = 17.4.33205.214
MinimumVisualStudioVersion = 10.0.40219.1
Project("{FAE04EC0-301F-11D3-BF4B-00C04F79EFBC}") = "InvoiceDemo", "InvoiceDemo\InvoiceDemo.csproj", "{72AD1CD5-957A-4897-ABCE-C1EC4C39D7A7}"
EndProject
Global
	GlobalSection(SolutionConfigurationPlatforms) = preSolution
		Debug|Any CPU = Debug|Any CPU
		Release|Any CPU = Release|Any CPU
	EndGlobalSection
	GlobalSection(ProjectConfigurationPlatforms) = postSolution
		{72AD1CD5-957A-4897-ABCE-C1EC4C39D7A7}.Debug|Any CPU.ActiveCfg = Debug|Any CPU
		{72AD1CD5-957A-4897-ABCE-C1EC4C39D7A7}.Debug|Any CPU.Build.0 = Debug|Any CPU
		{72AD1CD5-957A-4897-ABCE-C1EC4C39D7A7}.Release|Any CPU.ActiveCfg = Release|Any CPU
		{72AD1CD5-957A-4897-ABCE-C1EC4C39D7A7}.Release|Any CPU.Build.0 = Release|Any CPU
	EndGlobalSection
	GlobalSection(SolutionProperties) = preSolution
		HideSolutionNode = FALSE
	EndGlobalSection
	GlobalSection(ExtensibilityGlobals) = postSolution
		SolutionGuid = {C4E7A67A-7B0C-45CC-A9D2-AF1BFA55B383}
	EndGlobalSection
EndGlobal
